
Microsoft Visual Studio Solution File, Format Version 12.00
# Visual Studio Version 16
VisualStudioVersion = 16.0.31613.86
MinimumVisualStudioVersion = 10.0.40219.1
Project("{FAE04EC0-301F-11D3-BF4B-00C04F79EFBC}") = "HelloWorld", "HelloWorld\HelloWorld.csproj", "{769AF6B6-92F4-49F0-A349-41B523EFFF90}"
EndProject
Global
	GlobalSection(SolutionConfigurationPlatforms) = preSolution
		Debug|Any CPU = Debug|Any CPU
		Release|Any CPU = Release|Any CPU
	EndGlobalSection
	GlobalSection(ProjectConfigurationPlatforms) = postSolution
		{769AF6B6-92F4-49F0-A349-41B523EFFF90}.Debug|Any CPU.ActiveCfg = Debug|Any CPU
		{769AF6B6-92F4-49F0-A349-41B523EFFF90}.Debug|Any CPU.Build.0 = Debug|Any CPU
		{769AF6B6-92F4-49F0-A349-41B523EFFF90}.Release|Any CPU.ActiveCfg = Release|Any CPU
		{769AF6B6-92F4-49F0-A349-41B523EFFF90}.Release|Any CPU.Build.0 = Release|Any CPU
	EndGlobalSection
	GlobalSection(SolutionProperties) = preSolution
		HideSolutionNode = FALSE
	EndGlobalSection
	GlobalSection(ExtensibilityGlobals) = postSolution
		SolutionGuid = {1D5B0650-CDB0-4F54-8188-F0873896A7AA}
	EndGlobalSection
EndGlobal
